// !$*UTF8*$!
{
	archiveVersion = 1;
	classes = {
	};
	objectVersion = 77;
	objects = {

/* Begin PBXBuildFile section */
		4E919F862F691529007EB6D3 /* StoreKit.framework in Frameworks */ = {isa = PBXBuildFile; fileRef = 4E919F852F691529007EB6D3 /* StoreKit.framework */; };
/* End PBXBuildFile section */

/* Begin PBXContainerItemProxy section */
		4EA481172F3D96E7007D91EA /* PBXContainerItemProxy */ = {
			isa = PBXContainerItemProxy;
			containerPortal = 4EA480FC2F3D96E7007D91EA /* Project object */;
			proxyType = 1;
			remoteGlobalIDString = 4EA481032F3D96E7007D91EA;
			remoteInfo = Eula;
		};
		4EA481212F3D96E8007D91EA /* PBXContainerItemProxy */ = {
			isa = PBXContainerItemProxy;
			containerPortal = 4EA480FC2F3D96E7007D91EA /* Project object */;
			proxyType = 1;
			remoteGlobalIDString = 4EA481032F3D96E7007D91EA;
			remoteInfo = Eula;
		};
/* End PBXContainerItemProxy section */

/* Begin PBXFileReference section */
		4E919F852F691529007EB6D3 /* StoreKit.framework */ = {isa = PBXFileReference; lastKnownFileType = wrapper.framework; name = StoreKit.framework; path = System/Library/Frameworks/StoreKit.framework; sourceTree = SDKROOT; };
		4EA481042F3D96E7007D91EA /* Eula.app */ = {isa = PBXFileReference; explicitFileType = wrapper.application; includeInIndex = 0; path = Eula.app; sourceTree = BUILT_PRODUCTS_DIR; };
		4EA481162F3D96E7007D91EA /* EulaTests.xctest */ = {isa = PBXFileReference; explicitFileType = wrapper.cfbundle; includeInIndex = 0; path = EulaTests.xctest; sourceTree = BUILT_PRODUCTS_DIR; };
		4EA481202F3D96E8007D91EA /* EulaUITests.xctest */ = {isa = PBXFileReference; explicitFileType = wrapper.cfbundle; includeInIndex = 0; path = EulaUITests.xctest; sourceTree = BUILT_PRODUCTS_DIR; };
/* End PBXFileReference section */

/* Begin PBXFileSystemSynchronizedBuildFileExceptionSet section */
		4EA481332F3D9700007D91EA /* Exceptions for "Eula" folder in "Eula" target */ = {
			isa = PBXFileSystemSynchronizedBuildFileExceptionSet;
			membershipExceptions = (
				Info.plist,
			);
			target = 4EA481032F3D96E7007D91EA /* Eula */;
		};
/* End PBXFileSystemSynchronizedBuildFileExceptionSet section */

/* Begin PBXFileSystemSynchronizedRootGroup section */
		4EA481062F3D96E7007D91EA /* Eula */ = {
			isa = PBXFileSystemSynchronizedRootGroup;
			exceptions = (
				4EA481332F3D9700007D91EA /* Exceptions for "Eula" folder in "Eula" target */,
			);
			path = Eula;
			sourceTree = "<group>";
		};
		4EA481192F3D96E7007D91EA /* EulaTests */ = {
			isa = PBXFileSystemSynchronizedRootGroup;
			path = EulaTests;
			sourceTree = "<group>";
		};
		4EA481232F3D96E8007D91EA /* EulaUITests */ = {
			isa = PBXFileSystemSynchronizedRootGroup;
			path = EulaUITests;
			sourceTree = "<group>";
		};
/* End PBXFileSystemSynchronizedRootGroup section */

/* Begin PBXFrameworksBuildPhase section */
		4EA481012F3D96E7007D91EA /* Frameworks */ = {
			isa = PBXFrameworksBuildPhase;
			buildActionMask = 2147483647;
			files = (
				4E919F862F691529007EB6D3 /* StoreKit.framework in Frameworks */,
			);
			runOnlyForDeploymentPostprocessing = 0;
		};
		4EA481132F3D96E7007D91EA /* Frameworks */ = {
			isa = PBXFrameworksBuildPhase;
			buildActionMask = 2147483647;
			files = (
			);
			runOnlyForDeploymentPostprocessing = 0;
		};
		4EA4811D2F3D96E8007D91EA /* Frameworks */ = {
			isa = PBXFrameworksBuildPhase;
			buildActionMask = 2147483647;
			files = (
			);
			runOnlyForDeploymentPostprocessing = 0;
		};
/* End PBXFrameworksBuildPhase section */

/* Begin PBXGroup section */
		4E919F842F691529007EB6D3 /* Frameworks */ = {
			isa = PBXGroup;
			children = (
				4E919F852F691529007EB6D3 /* StoreKit.framework */,
			);
			name = Frameworks;
			sourceTree = "<group>";
		};
		4EA480FB2F3D96E7007D91EA = {
			isa = PBXGroup;
			children = (
				4EA481062F3D96E7007D91EA /* Eula */,
				4EA481192F3D96E7007D91EA /* EulaTests */,
				4EA481232F3D96E8007D91EA /* EulaUITests */,
				4E919F842F691529007EB6D3 /* Frameworks */,
				4EA481052F3D96E7007D91EA /* Products */,
			);
			sourceTree = "<group>";
		};
		4EA481052F3D96E7007D91EA /* Products */ = {
			isa = PBXGroup;
			children = (
				4EA481042F3D96E7007D91EA /* Eula.app */,
				4EA481162F3D96E7007D91EA /* EulaTests.xctest */,
				4EA481202F3D96E8007D91EA /* EulaUITests.xctest */,
			);
			name = Products;
			sourceTree = "<group>";
		};
/* End PBXGroup section */

/* Begin PBXNativeTarget section */
		4EA481032F3D96E7007D91EA /* Eula */ = {
			isa = PBXNativeTarget;
			buildConfigurationList = 4EA4812A2F3D96E8007D91EA /* Build configuration list for PBXNativeTarget "Eula" */;
			buildPhases = (
				4EA481002F3D96E7007D91EA /* Sources */,
				4EA481012F3D96E7007D91EA /* Frameworks */,
				4EA481022F3D96E7007D91EA /* Resources */,
			);
			buildRules = (
			);
			dependencies = (
			);
			fileSystemSynchronizedGroups = (
				4EA481062F3D96E7007D91EA /* Eula */,
			);
			name = Eula;
			packageProductDependencies = (
			);
			productName = Eula;
			productReference = 4EA481042F3D96E7007D91EA /* Eula.app */;
			productType = "com.apple.product-type.application";
		};
		4EA481152F3D96E7007D91EA /* EulaTests */ = {
			isa = PBXNativeTarget;
			buildConfigurationList = 4EA4812D2F3D96E8007D91EA /* Build configuration list for PBXNativeTarget "EulaTests" */;
			buildPhases = (
				4EA481122F3D96E7007D91EA /* Sources */,
				4EA481132F3D96E7007D91EA /* Frameworks */,
				4EA481142F3D96E7007D91EA /* Resources */,
			);
			buildRules = (
			);
			dependencies = (
				4EA481182F3D96E7007D91EA /* PBXTargetDependency */,
			);
			fileSystemSynchronizedGroups = (
				4EA481192F3D96E7007D91EA /* EulaTests */,
			);
			name = EulaTests;
			packageProductDependencies = (
			);
			productName = EulaTests;
			productReference = 4EA481162F3D96E7007D91EA /* EulaTests.xctest */;
			productType = "com.apple.product-type.bundle.unit-test";
		};
		4EA4811F2F3D96E8007D91EA /* EulaUITests */ = {
			isa = PBXNativeTarget;
			buildConfigurationList = 4EA481302F3D96E8007D91EA /* Build configuration list for PBXNativeTarget "EulaUITests" */;
			buildPhases = (
				4EA4811C2F3D96E8007D91EA /* Sources */,
				4EA4811D2F3D96E8007D91EA /* Frameworks */,
				4EA4811E2F3D96E8007D91EA /* Resources */,
			);
			buildRules = (
			);
			dependencies = (
				4EA481222F3D96E8007D91EA /* PBXTargetDependency */,
			);
			fileSystemSynchronizedGroups = (
				4EA481232F3D96E8007D91EA /* EulaUITests */,
			);
			name = EulaUITests;
			packageProductDependencies = (
			);
			productName = EulaUITests;
			productReference = 4EA481202F3D96E8007D91EA /* EulaUITests.xctest */;
			productType = "com.apple.product-type.bundle.ui-testing";
		};
/* End PBXNativeTarget section */

/* Begin PBXProject section */
		4EA480FC2F3D96E7007D91EA /* Project object */ = {
			isa = PBXProject;
			attributes = {
				BuildIndependentTargetsInParallel = 1;
				LastSwiftUpdateCheck = 2630;
				LastUpgradeCheck = 2630;
				TargetAttributes = {
					4EA481032F3D96E7007D91EA = {
						CreatedOnToolsVersion = 26.3;
					};
					4EA481152F3D96E7007D91EA = {
						CreatedOnToolsVersion = 26.3;
						TestTargetID = 4EA481032F3D96E7007D91EA;
					};
					4EA4811F2F3D96E8007D91EA = {
						CreatedOnToolsVersion = 26.3;
						TestTargetID = 4EA481032F3D96E7007D91EA;
					};
				};
			};
			buildConfigurationList = 4EA480FF2F3D96E7007D91EA /* Build configuration list for PBXProject "Eula" */;
			developmentRegion = en;
			hasScannedForEncodings = 0;
			knownRegions = (
				en,
				Base,
			);
			mainGroup = 4EA480FB2F3D96E7007D91EA;
			minimizedProjectReferenceProxies = 1;
			preferredProjectObjectVersion = 77;
			productRefGroup = 4EA481052F3D96E7007D91EA /* Products */;
			projectDirPath = "";
			projectRoot = "";
			targets = (
				4EA481032F3D96E7007D91EA /* Eula */,
				4EA481152F3D96E7007D91EA /* EulaTests */,
				4EA4811F2F3D96E8007D91EA /* EulaUITests */,
			);
		};
/* End PBXProject section */

/* Begin PBXResourcesBuildPhase section */
		4EA481022F3D96E7007D91EA /* Resources */ = {
			isa = PBXResourcesBuildPhase;
			buildActionMask = 2147483647;
			files = (
			);
			runOnlyForDeploymentPostprocessing = 0;
		};
		4EA481142F3D96E7007D91EA /* Resources */ = {
			isa = PBXResourcesBuildPhase;
			buildActionMask = 2147483647;
			files = (
			);
			runOnlyForDeploymentPostprocessing = 0;
		};
		4EA4811E2F3D96E8007D91EA /* Resources */ = {
			isa = PBXResourcesBuildPhase;
			buildActionMask = 2147483647;
			files = (
			);
			runOnlyForDeploymentPostprocessing = 0;
		};
/* End PBXResourcesBuildPhase section */

/* Begin PBXSourcesBuildPhase section */
		4EA481002F3D96E7007D91EA /* Sources */ = {
			isa = PBXSourcesBuildPhase;
			buildActionMask = 2147483647;
			files = (
			);
			runOnlyForDeploymentPostprocessing = 0;
		};
		4EA481122F3D96E7007D91EA /* Sources */ = {
			isa = PBXSourcesBuildPhase;
			buildActionMask = 2147483647;
			files = (
			);
			runOnlyForDeploymentPostprocessing = 0;
		};
		4EA4811C2F3D96E8007D91EA /* Sources */ = {
			isa = PBXSourcesBuildPhase;
			buildActionMask = 2147483647;
			files = (
			);
			runOnlyForDeploymentPostprocessing = 0;
		};
/* End PBXSourcesBuildPhase section */

/* Begin PBXTargetDependency section */
		4EA481182F3D96E7007D91EA /* PBXTargetDependency */ = {
			isa = PBXTargetDependency;
			target = 4EA481032F3D96E7007D91EA /* Eula */;
			targetProxy = 4EA481172F3D96E7007D91EA /* PBXContainerItemProxy */;
		};
		4EA481222F3D96E8007D91EA /* PBXTargetDependency */ = {
			isa = PBXTargetDependency;
			target = 4EA481032F3D96E7007D91EA /* Eula */;
			targetProxy = 4EA481212F3D96E8007D91EA /* PBXContainerItemProxy */;
		};
/* End PBXTargetDependency section */

/* Begin XCBuildConfiguration section */
		4EA481282F3D96E8007D91EA /* Debug */ = {
			isa = XCBuildConfiguration;
			buildSettings = {
				ALWAYS_SEARCH_USER_PATHS = NO;
				ASSETCATALOG_COMPILER_GENERATE_SWIFT_ASSET_SYMBOL_EXTENSIONS = YES;
				CLANG_ANALYZER_NONNULL = YES;
				CLANG_ANALYZER_NUMBER_OBJECT_CONVERSION = YES_AGGRESSIVE;
				CLANG_CXX_LANGUAGE_STANDARD = "gnu++20";
				CLANG_ENABLE_MODULES = YES;
				CLANG_ENABLE_OBJC_ARC = YES;
				CLANG_ENABLE_OBJC_WEAK = YES;
				CLANG_WARN_BLOCK_CAPTURE_AUTORELEASING = YES;
				CLANG_WARN_BOOL_CONVERSION = YES;
				CLANG_WARN_COMMA = YES;
				CLANG_WARN_CONSTANT_CONVERSION = YES;
				CLANG_WARN_DEPRECATED_OBJC_IMPLEMENTATIONS = YES;
				CLANG_WARN_DIRECT_OBJC_ISA_USAGE = YES_ERROR;
				CLANG_WARN_DOCUMENTATION_COMMENTS = YES;
				CLANG_WARN_EMPTY_BODY = YES;
				CLANG_WARN_ENUM_CONVERSION = YES;
				CLANG_WARN_INFINITE_RECURSION = YES;
				CLANG_WARN_INT_CONVERSION = YES;
				CLANG_WARN_NON_LITERAL_NULL_CONVERSION = YES;
				CLANG_WARN_OBJC_IMPLICIT_RETAIN_SELF = YES;
				CLANG_WARN_OBJC_LITERAL_CONVERSION = YES;
				CLANG_WARN_OBJC_ROOT_CLASS = YES_ERROR;
				CLANG_WARN_QUOTED_INCLUDE_IN_FRAMEWORK_HEADER = YES;
				CLANG_WARN_RANGE_LOOP_ANALYSIS = YES;
				CLANG_WARN_STRICT_PROTOTYPES = YES;
				CLANG_WARN_SUSPICIOUS_MOVE = YES;
				CLANG_WARN_UNGUARDED_AVAILABILITY = YES_AGGRESSIVE;
				CLANG_WARN_UNREACHABLE_CODE = YES;
				CLANG_WARN__DUPLICATE_METHOD_MATCH = YES;
				COPY_PHASE_STRIP = NO;
				DEBUG_INFORMATION_FORMAT = dwarf;
				ENABLE_STRICT_OBJC_MSGSEND = YES;
				ENABLE_TESTABILITY = YES;
				ENABLE_USER_SCRIPT_SANDBOXING = YES;
				GCC_C_LANGUAGE_STANDARD = gnu17;
				GCC_DYNAMIC_NO_PIC = NO;
				GCC_NO_COMMON_BLOCKS = YES;
				GCC_OPTIMIZATION_LEVEL = 0;
				GCC_PREPROCESSOR_DEFINITIONS = (
					"DEBUG=1",
					"$(inherited)",
				);
				GCC_WARN_64_TO_32_BIT_CONVERSION = YES;
				GCC_WARN_ABOUT_RETURN_TYPE = YES_ERROR;
				GCC_WARN_UNDECLARED_SELECTOR = YES;
				GCC_WARN_UNINITIALIZED_AUTOS = YES_AGGRESSIVE;
				GCC_WARN_UNUSED_FUNCTION = YES;
				GCC_WARN_UNUSED_VARIABLE = YES;
				IPHONEOS_DEPLOYMENT_TARGET = 26.2;
				LOCALIZATION_PREFERS_STRING_CATALOGS = YES;
				MTL_ENABLE_DEBUG_INFO = INCLUDE_SOURCE;
				MTL_FAST_MATH = YES;
				ONLY_ACTIVE_ARCH = YES;
				SDKROOT = iphoneos;
				SWIFT_ACTIVE_COMPILATION_CONDITIONS = "DEBUG $(inherited)";
				SWIFT_OPTIMIZATION_LEVEL = "-Onone";
			};
			name = Debug;
		};
		4EA481292F3D96E8007D91EA /* Release */ = {
			isa = XCBuildConfiguration;
			buildSettings = {
				ALWAYS_SEARCH_USER_PATHS = NO;
				ASSETCATALOG_COMPILER_GENERATE_SWIFT_ASSET_SYMBOL_EXTENSIONS = YES;
				CLANG_ANALYZER_NONNULL = YES;
				CLANG_ANALYZER_NUMBER_OBJECT_CONVERSION = YES_AGGRESSIVE;
				CLANG_CXX_LANGUAGE_STANDARD = "gnu++20";
				CLANG_ENABLE_MODULES = YES;
				CLANG_ENABLE_OBJC_ARC = YES;
				CLANG_ENABLE_OBJC_WEAK = YES;
				CLANG_WARN_BLOCK_CAPTURE_AUTORELEASING = YES;
				CLANG_WARN_BOOL_CONVERSION = YES;
				CLANG_WARN_COMMA = YES;
				CLANG_WARN_CONSTANT_CONVERSION = YES;
				CLANG_WARN_DEPRECATED_OBJC_IMPLEMENTATIONS = YES;
				CLANG_WARN_DIRECT_OBJC_ISA_USAGE = YES_ERROR;
				CLANG_WARN_DOCUMENTATION_COMMENTS = YES;
				CLANG_WARN_EMPTY_BODY = YES;
				CLANG_WARN_ENUM_CONVERSION = YES;
				CLANG_WARN_INFINITE_RECURSION = YES;
				CLANG_WARN_INT_CONVERSION = YES;
				CLANG_WARN_NON_LITERAL_NULL_CONVERSION = YES;
				CLANG_WARN_OBJC_IMPLICIT_RETAIN_SELF = YES;
				CLANG_WARN_OBJC_LITERAL_CONVERSION = YES;
				CLANG_WARN_OBJC_ROOT_CLASS = YES_ERROR;
				CLANG_WARN_QUOTED_INCLUDE_IN_FRAMEWORK_HEADER = YES;
				CLANG_WARN_RANGE_LOOP_ANALYSIS = YES;
				CLANG_WARN_STRICT_PROTOTYPES = YES;
				CLANG_WARN_SUSPICIOUS_MOVE = YES;
				CLANG_WARN_UNGUARDED_AVAILABILITY = YES_AGGRESSIVE;
				CLANG_WARN_UNREACHABLE_CODE = YES;
				CLANG_WARN__DUPLICATE_METHOD_MATCH = YES;
				COPY_PHASE_STRIP = NO;
				DEBUG_INFORMATION_FORMAT = "dwarf-with-dsym";
				ENABLE_NS_ASSERTIONS = NO;
				ENABLE_STRICT_OBJC_MSGSEND = YES;
				ENABLE_USER_SCRIPT_SANDBOXING = YES;
				GCC_C_LANGUAGE_STANDARD = gnu17;
				GCC_NO_COMMON_BLOCKS = YES;
				GCC_WARN_64_TO_32_BIT_CONVERSION = YES;
				GCC_WARN_ABOUT_RETURN_TYPE = YES_ERROR;
				GCC_WARN_UNDECLARED_SELECTOR = YES;
				GCC_WARN_UNINITIALIZED_AUTOS = YES_AGGRESSIVE;
				GCC_WARN_UNUSED_FUNCTION = YES;
				GCC_WARN_UNUSED_VARIABLE = YES;
				IPHONEOS_DEPLOYMENT_TARGET = 26.2;
				LOCALIZATION_PREFERS_STRING_CATALOGS = YES;
				MTL_ENABLE_DEBUG_INFO = NO;
				MTL_FAST_MATH = YES;
				SDKROOT = iphoneos;
				SWIFT_COMPILATION_MODE = wholemodule;
				VALIDATE_PRODUCT = YES;
			};
			name = Release;
		};
		4EA4812B2F3D96E8007D91EA /* Debug */ = {
			isa = XCBuildConfiguration;
			buildSettings = {
				ASSETCATALOG_COMPILER_APPICON_NAME = AppIcon;
				ASSETCATALOG_COMPILER_GLOBAL_ACCENT_COLOR_NAME = AccentColor;
				CHAT_MESSAGE_COST_COINS = 30;
				CODE_SIGN_STYLE = Automatic;
				CURRENT_PROJECT_VERSION = 1;
				ENABLE_PREVIEWS = YES;
				GENERATE_INFOPLIST_FILE = YES;
				INFOPLIST_FILE = Eula/Info.plist;
				INFOPLIST_KEY_NSMicrophoneUsageDescription = "We use your microphone to record and send voice messages in chats.";
				INFOPLIST_KEY_NSPhotoLibraryUsageDescription = "We use your photo library so you can select and upload videos in your posts.";
				INFOPLIST_KEY_UIApplicationSceneManifest_Generation = YES;
				INFOPLIST_KEY_UIApplicationSupportsIndirectInputEvents = YES;
				INFOPLIST_KEY_UILaunchScreen_Generation = YES;
				INFOPLIST_KEY_UISupportedInterfaceOrientations_iPad = "UIInterfaceOrientationPortrait UIInterfaceOrientationPortraitUpsideDown UIInterfaceOrientationLandscapeLeft UIInterfaceOrientationLandscapeRight";
				INFOPLIST_KEY_UISupportedInterfaceOrientations_iPhone = "UIInterfaceOrientationPortrait UIInterfaceOrientationLandscapeLeft UIInterfaceOrientationLandscapeRight";
				IPHONEOS_DEPLOYMENT_TARGET = 16.6;
				LD_RUNPATH_SEARCH_PATHS = (
					"$(inherited)",
					"@executable_path/Frameworks",
				);
				MARKETING_VERSION = 1.0;
				PRODUCT_BUNDLE_IDENTIFIER = com.zhilin.Glame;
				PRODUCT_NAME = "$(TARGET_NAME)";
				STRING_CATALOG_GENERATE_SYMBOLS = YES;
				SUPABASE_ANON_KEY = "eyJhbGciOiJIUzI1NiIsInR5cCI6IkpXVCJ9.eyJpc3MiOiJzdXBhYmFzZSIsInJlZiI6Imx1YXFmcnl4d2FjaXFlemdmZ3FtIiwicm9sZSI6ImFub24iLCJpYXQiOjE3NjYzODA4MDEsImV4cCI6MjA4MTk1NjgwMX0.gliEd8kAC9Yg3atpKkwG1X7VSW6AWK-gGbr_VnVtfrI";
				SUPABASE_URL = "https://luaqfryxwaciqezgfgqm.supabase.co";
				SUPPORTED_PLATFORMS = "iphoneos iphonesimulator";
				SUPPORTS_MACCATALYST = NO;
				SUPPORTS_MAC_DESIGNED_FOR_IPHONE_IPAD = NO;
				SUPPORTS_XR_DESIGNED_FOR_IPHONE_IPAD = NO;
				SWIFT_APPROACHABLE_CONCURRENCY = YES;
				SWIFT_DEFAULT_ACTOR_ISOLATION = MainActor;
				SWIFT_EMIT_LOC_STRINGS = YES;
				SWIFT_UPCOMING_FEATURE_MEMBER_IMPORT_VISIBILITY = YES;
				SWIFT_VERSION = 5.0;
				TARGETED_DEVICE_FAMILY = 1;
				TRENDTAILOR_MESSAGE_COST_COINS = 10;
			};
			name = Debug;
		};
		4EA4812C2F3D96E8007D91EA /* Release */ = {
			isa = XCBuildConfiguration;
			buildSettings = {
				ASSETCATALOG_COMPILER_APPICON_NAME = AppIcon;
				ASSETCATALOG_COMPILER_GLOBAL_ACCENT_COLOR_NAME = AccentColor;
				CHAT_MESSAGE_COST_COINS = 30;
				CODE_SIGN_STYLE = Automatic;
				CURRENT_PROJECT_VERSION = 1;
				ENABLE_PREVIEWS = YES;
				GENERATE_INFOPLIST_FILE = YES;
				INFOPLIST_FILE = Eula/Info.plist;
				INFOPLIST_KEY_NSMicrophoneUsageDescription = "We use your microphone to record and send voice messages in chats.";
				INFOPLIST_KEY_NSPhotoLibraryUsageDescription = "We use your photo library so you can select and upload videos in your posts.";
				INFOPLIST_KEY_UIApplicationSceneManifest_Generation = YES;
				INFOPLIST_KEY_UIApplicationSupportsIndirectInputEvents = YES;
				INFOPLIST_KEY_UILaunchScreen_Generation = YES;
				INFOPLIST_KEY_UISupportedInterfaceOrientations_iPad = "UIInterfaceOrientationPortrait UIInterfaceOrientationPortraitUpsideDown UIInterfaceOrientationLandscapeLeft UIInterfaceOrientationLandscapeRight";
				INFOPLIST_KEY_UISupportedInterfaceOrientations_iPhone = "UIInterfaceOrientationPortrait UIInterfaceOrientationLandscapeLeft UIInterfaceOrientationLandscapeRight";
				IPHONEOS_DEPLOYMENT_TARGET = 16.6;
				LD_RUNPATH_SEARCH_PATHS = (
					"$(inherited)",
					"@executable_path/Frameworks",
				);
				MARKETING_VERSION = 1.0;
				PRODUCT_BUNDLE_IDENTIFIER = com.zhilin.Glame;
				PRODUCT_NAME = "$(TARGET_NAME)";
				STRING_CATALOG_GENERATE_SYMBOLS = YES;
				SUPABASE_ANON_KEY = "eyJhbGciOiJIUzI1NiIsInR5cCI6IkpXVCJ9.eyJpc3MiOiJzdXBhYmFzZSIsInJlZiI6Imx1YXFmcnl4d2FjaXFlemdmZ3FtIiwicm9sZSI6ImFub24iLCJpYXQiOjE3NjYzODA4MDEsImV4cCI6MjA4MTk1NjgwMX0.gliEd8kAC9Yg3atpKkwG1X7VSW6AWK-gGbr_VnVtfrI";
				SUPABASE_URL = "https://luaqfryxwaciqezgfgqm.supabase.co";
				SUPPORTED_PLATFORMS = "iphoneos iphonesimulator";
				SUPPORTS_MACCATALYST = NO;
				SUPPORTS_MAC_DESIGNED_FOR_IPHONE_IPAD = NO;
				SUPPORTS_XR_DESIGNED_FOR_IPHONE_IPAD = NO;
				SWIFT_APPROACHABLE_CONCURRENCY = YES;
				SWIFT_DEFAULT_ACTOR_ISOLATION = MainActor;
				SWIFT_EMIT_LOC_STRINGS = YES;
				SWIFT_UPCOMING_FEATURE_MEMBER_IMPORT_VISIBILITY = YES;
				SWIFT_VERSION = 5.0;
				TARGETED_DEVICE_FAMILY = 1;
				TRENDTAILOR_MESSAGE_COST_COINS = 10;
			};
			name = Release;
		};
		4EA4812E2F3D96E8007D91EA /* Debug */ = {
			isa = XCBuildConfiguration;
			buildSettings = {
				BUNDLE_LOADER = "$(TEST_HOST)";
				CODE_SIGN_STYLE = Automatic;
				CURRENT_PROJECT_VERSION = 1;
				GENERATE_INFOPLIST_FILE = YES;
				IPHONEOS_DEPLOYMENT_TARGET = 26.2;
				MARKETING_VERSION = 1.0;
				PRODUCT_BUNDLE_IDENTIFIER = com.zhilin.EulaTests;
				PRODUCT_NAME = "$(TARGET_NAME)";
				STRING_CATALOG_GENERATE_SYMBOLS = NO;
				SWIFT_APPROACHABLE_CONCURRENCY = YES;
				SWIFT_EMIT_LOC_STRINGS = NO;
				SWIFT_UPCOMING_FEATURE_MEMBER_IMPORT_VISIBILITY = YES;
				SWIFT_VERSION = 5.0;
				TARGETED_DEVICE_FAMILY = "1,2";
				TEST_HOST = "$(BUILT_PRODUCTS_DIR)/Eula.app/$(BUNDLE_EXECUTABLE_FOLDER_PATH)/Eula";
			};
			name = Debug;
		};
		4EA4812F2F3D96E8007D91EA /* Release */ = {
			isa = XCBuildConfiguration;
			buildSettings = {
				BUNDLE_LOADER = "$(TEST_HOST)";
				CODE_SIGN_STYLE = Automatic;
				CURRENT_PROJECT_VERSION = 1;
				GENERATE_INFOPLIST_FILE = YES;
				IPHONEOS_DEPLOYMENT_TARGET = 26.2;
				MARKETING_VERSION = 1.0;
				PRODUCT_BUNDLE_IDENTIFIER = com.zhilin.EulaTests;
				PRODUCT_NAME = "$(TARGET_NAME)";
				STRING_CATALOG_GENERATE_SYMBOLS = NO;
				SWIFT_APPROACHABLE_CONCURRENCY = YES;
				SWIFT_EMIT_LOC_STRINGS = NO;
				SWIFT_UPCOMING_FEATURE_MEMBER_IMPORT_VISIBILITY = YES;
				SWIFT_VERSION = 5.0;
				TARGETED_DEVICE_FAMILY = "1,2";
				TEST_HOST = "$(BUILT_PRODUCTS_DIR)/Eula.app/$(BUNDLE_EXECUTABLE_FOLDER_PATH)/Eula";
			};
			name = Release;
		};
		4EA481312F3D96E8007D91EA /* Debug */ = {
			isa = XCBuildConfiguration;
			buildSettings = {
				CODE_SIGN_STYLE = Automatic;
				CURRENT_PROJECT_VERSION = 1;
				GENERATE_INFOPLIST_FILE = YES;
				MARKETING_VERSION = 1.0;
				PRODUCT_BUNDLE_IDENTIFIER = com.zhilin.EulaUITests;
				PRODUCT_NAME = "$(TARGET_NAME)";
				STRING_CATALOG_GENERATE_SYMBOLS = NO;
				SWIFT_APPROACHABLE_CONCURRENCY = YES;
				SWIFT_EMIT_LOC_STRINGS = NO;
				SWIFT_UPCOMING_FEATURE_MEMBER_IMPORT_VISIBILITY = YES;
				SWIFT_VERSION = 5.0;
				TARGETED_DEVICE_FAMILY = "1,2";
				TEST_TARGET_NAME = Eula;
			};
			name = Debug;
		};
		4EA481322F3D96E8007D91EA /* Release */ = {
			isa = XCBuildConfiguration;
			buildSettings = {
				CODE_SIGN_STYLE = Automatic;
				CURRENT_PROJECT_VERSION = 1;
				GENERATE_INFOPLIST_FILE = YES;
				MARKETING_VERSION = 1.0;
				PRODUCT_BUNDLE_IDENTIFIER = com.zhilin.EulaUITests;
				PRODUCT_NAME = "$(TARGET_NAME)";
				STRING_CATALOG_GENERATE_SYMBOLS = NO;
				SWIFT_APPROACHABLE_CONCURRENCY = YES;
				SWIFT_EMIT_LOC_STRINGS = NO;
				SWIFT_UPCOMING_FEATURE_MEMBER_IMPORT_VISIBILITY = YES;
				SWIFT_VERSION = 5.0;
				TARGETED_DEVICE_FAMILY = "1,2";
				TEST_TARGET_NAME = Eula;
			};
			name = Release;
		};
/* End XCBuildConfiguration section */

/* Begin XCConfigurationList section */
		4EA480FF2F3D96E7007D91EA /* Build configuration list for PBXProject "Eula" */ = {
			isa = XCConfigurationList;
			buildConfigurations = (
				4EA481282F3D96E8007D91EA /* Debug */,
				4EA481292F3D96E8007D91EA /* Release */,
			);
			defaultConfigurationIsVisible = 0;
			defaultConfigurationName = Release;
		};
		4EA4812A2F3D96E8007D91EA /* Build configuration list for PBXNativeTarget "Eula" */ = {
			isa = XCConfigurationList;
			buildConfigurations = (
				4EA4812B2F3D96E8007D91EA /* Debug */,
				4EA4812C2F3D96E8007D91EA /* Release */,
			);
			defaultConfigurationIsVisible = 0;
			defaultConfigurationName = Release;
		};
		4EA4812D2F3D96E8007D91EA /* Build configuration list for PBXNativeTarget "EulaTests" */ = {
			isa = XCConfigurationList;
			buildConfigurations = (
				4EA4812E2F3D96E8007D91EA /* Debug */,
				4EA4812F2F3D96E8007D91EA /* Release */,
			);
			defaultConfigurationIsVisible = 0;
			defaultConfigurationName = Release;
		};
		4EA481302F3D96E8007D91EA /* Build configuration list for PBXNativeTarget "EulaUITests" */ = {
			isa = XCConfigurationList;
			buildConfigurations = (
				4EA481312F3D96E8007D91EA /* Debug */,
				4EA481322F3D96E8007D91EA /* Release */,
			);
			defaultConfigurationIsVisible = 0;
			defaultConfigurationName = Release;
		};
/* End XCConfigurationList section */
	};
	rootObject = 4EA480FC2F3D96E7007D91EA /* Project object */;
}
